// !$*UTF8*$!
{
	archiveVersion = 1;
	classes = {
	};
	objectVersion = 50;
	objects = {

/* Begin PBXBuildFile section */
		8974371C22CFA6A000281677 /* AppDelegate.swift in Sources */ = {isa = PBXBuildFile; fileRef = 8974371B22CFA6A000281677 /* AppDelegate.swift */; };
		8974371E22CFA6A000281677 /* ViewController.swift in Sources */ = {isa = PBXBuildFile; fileRef = 8974371D22CFA6A000281677 /* ViewController.swift */; };
		8974372122CFA6A000281677 /* Main.storyboard in Resources */ = {isa = PBXBuildFile; fileRef = 8974371F22CFA6A000281677 /* Main.storyboard */; };
		8974372322CFA6A100281677 /* Assets.xcassets in Resources */ = {isa = PBXBuildFile; fileRef = 8974372222CFA6A100281677 /* Assets.xcassets */; };
		8974372622CFA6A100281677 /* LaunchScreen.storyboard in Resources */ = {isa = PBXBuildFile; fileRef = 8974372422CFA6A100281677 /* LaunchScreen.storyboard */; };
		8974373822CFA6B100281677 /* nssl0049.jpg in Resources */ = {isa = PBXBuildFile; fileRef = 8974372E22CFA6B100281677 /* nssl0049.jpg */; };
		8974373922CFA6B100281677 /* nssl0046.jpg in Resources */ = {isa = PBXBuildFile; fileRef = 8974372F22CFA6B100281677 /* nssl0046.jpg */; };
		8974373A22CFA6B100281677 /* nssl0091.jpg in Resources */ = {isa = PBXBuildFile; fileRef = 8974373022CFA6B100281677 /* nssl0091.jpg */; };
		8974373B22CFA6B100281677 /* nssl0045.jpg in Resources */ = {isa = PBXBuildFile; fileRef = 8974373122CFA6B100281677 /* nssl0045.jpg */; };
		8974373C22CFA6B100281677 /* nssl0051.jpg in Resources */ = {isa = PBXBuildFile; fileRef = 8974373222CFA6B100281677 /* nssl0051.jpg */; };
		8974373D22CFA6B100281677 /* nssl0041.jpg in Resources */ = {isa = PBXBuildFile; fileRef = 8974373322CFA6B100281677 /* nssl0041.jpg */; };
		8974373E22CFA6B100281677 /* nssl0042.jpg in Resources */ = {isa = PBXBuildFile; fileRef = 8974373422CFA6B100281677 /* nssl0042.jpg */; };
		8974373F22CFA6B100281677 /* nssl0043.jpg in Resources */ = {isa = PBXBuildFile; fileRef = 8974373522CFA6B100281677 /* nssl0043.jpg */; };
		8974374022CFA6B100281677 /* nssl0033.jpg in Resources */ = {isa = PBXBuildFile; fileRef = 8974373622CFA6B100281677 /* nssl0033.jpg */; };
		8974374122CFA6B100281677 /* nssl0034.jpg in Resources */ = {isa = PBXBuildFile; fileRef = 8974373722CFA6B100281677 /* nssl0034.jpg */; };
/* End PBXBuildFile section */

/* Begin PBXFileReference section */
		8974371822CFA6A000281677 /* Project1.app */ = {isa = PBXFileReference; explicitFileType = wrapper.application; includeInIndex = 0; path = Project1.app; sourceTree = BUILT_PRODUCTS_DIR; };
		8974371B22CFA6A000281677 /* AppDelegate.swift */ = {isa = PBXFileReference; lastKnownFileType = sourcecode.swift; path = AppDelegate.swift; sourceTree = "<group>"; };
		8974371D22CFA6A000281677 /* ViewController.swift */ = {isa = PBXFileReference; lastKnownFileType = sourcecode.swift; path = ViewController.swift; sourceTree = "<group>"; };
		8974372022CFA6A000281677 /* Base */ = {isa = PBXFileReference; lastKnownFileType = file.storyboard; name = Base; path = Base.lproj/Main.storyboard; sourceTree = "<group>"; };
		8974372222CFA6A100281677 /* Assets.xcassets */ = {isa = PBXFileReference; lastKnownFileType = folder.assetcatalog; path = Assets.xcassets; sourceTree = "<group>"; };
		8974372522CFA6A100281677 /* Base */ = {isa = PBXFileReference; lastKnownFileType = file.storyboard; name = Base; path = Base.lproj/LaunchScreen.storyboard; sourceTree = "<group>"; };
		8974372722CFA6A100281677 /* Info.plist */ = {isa = PBXFileReference; lastKnownFileType = text.plist.xml; path = Info.plist; sourceTree = "<group>"; };
		8974372E22CFA6B100281677 /* nssl0049.jpg */ = {isa = PBXFileReference; lastKnownFileType = image.jpeg; path = nssl0049.jpg; sourceTree = "<group>"; };
		8974372F22CFA6B100281677 /* nssl0046.jpg */ = {isa = PBXFileReference; lastKnownFileType = image.jpeg; path = nssl0046.jpg; sourceTree = "<group>"; };
		8974373022CFA6B100281677 /* nssl0091.jpg */ = {isa = PBXFileReference; lastKnownFileType = image.jpeg; path = nssl0091.jpg; sourceTree = "<group>"; };
		8974373122CFA6B100281677 /* nssl0045.jpg */ = {isa = PBXFileReference; lastKnownFileType = image.jpeg; path = nssl0045.jpg; sourceTree = "<group>"; };
		8974373222CFA6B100281677 /* nssl0051.jpg */ = {isa = PBXFileReference; lastKnownFileType = image.jpeg; path = nssl0051.jpg; sourceTree = "<group>"; };
		8974373322CFA6B100281677 /* nssl0041.jpg */ = {isa = PBXFileReference; lastKnownFileType = image.jpeg; path = nssl0041.jpg; sourceTree = "<group>"; };
		8974373422CFA6B100281677 /* nssl0042.jpg */ = {isa = PBXFileReference; lastKnownFileType = image.jpeg; path = nssl0042.jpg; sourceTree = "<group>"; };
		8974373522CFA6B100281677 /* nssl0043.jpg */ = {isa = PBXFileReference; lastKnownFileType = image.jpeg; path = nssl0043.jpg; sourceTree = "<group>"; };
		8974373622CFA6B100281677 /* nssl0033.jpg */ = {isa = PBXFileReference; lastKnownFileType = image.jpeg; path = nssl0033.jpg; sourceTree = "<group>"; };
		8974373722CFA6B100281677 /* nssl0034.jpg */ = {isa = PBXFileReference; lastKnownFileType = image.jpeg; path = nssl0034.jpg; sourceTree = "<group>"; };
/* End PBXFileReference section */

/* Begin PBXFrameworksBuildPhase section */
		8974371522CFA6A000281677 /* Frameworks */ = {
			isa = PBXFrameworksBuildPhase;
			buildActionMask = 2147483647;
			files = (
			);
			runOnlyForDeploymentPostprocessing = 0;
		};
/* End PBXFrameworksBuildPhase section */

/* Begin PBXGroup section */
		8974370F22CFA6A000281677 = {
			isa = PBXGroup;
			children = (
				8974371A22CFA6A000281677 /* Project1 */,
				8974371922CFA6A000281677 /* Products */,
			);
			sourceTree = "<group>";
		};
		8974371922CFA6A000281677 /* Products */ = {
			isa = PBXGroup;
			children = (
				8974371822CFA6A000281677 /* Project1.app */,
			);
			name = Products;
			sourceTree = "<group>";
		};
		8974371A22CFA6A000281677 /* Project1 */ = {
			isa = PBXGroup;
			children = (
				8974371B22CFA6A000281677 /* AppDelegate.swift */,
				8974371D22CFA6A000281677 /* ViewController.swift */,
				8974371F22CFA6A000281677 /* Main.storyboard */,
				8974372222CFA6A100281677 /* Assets.xcassets */,
				8974372422CFA6A100281677 /* LaunchScreen.storyboard */,
				8974372722CFA6A100281677 /* Info.plist */,
				8974372D22CFA6B100281677 /* Content */,
			);
			path = Project1;
			sourceTree = "<group>";
		};
		8974372D22CFA6B100281677 /* Content */ = {
			isa = PBXGroup;
			children = (
				8974372E22CFA6B100281677 /* nssl0049.jpg */,
				8974372F22CFA6B100281677 /* nssl0046.jpg */,
				8974373022CFA6B100281677 /* nssl0091.jpg */,
				8974373122CFA6B100281677 /* nssl0045.jpg */,
				8974373222CFA6B100281677 /* nssl0051.jpg */,
				8974373322CFA6B100281677 /* nssl0041.jpg */,
				8974373422CFA6B100281677 /* nssl0042.jpg */,
				8974373522CFA6B100281677 /* nssl0043.jpg */,
				8974373622CFA6B100281677 /* nssl0033.jpg */,
				8974373722CFA6B100281677 /* nssl0034.jpg */,
			);
			path = Content;
			sourceTree = "<group>";
		};
/* End PBXGroup section */

/* Begin PBXNativeTarget section */
		8974371722CFA6A000281677 /* Project1 */ = {
			isa = PBXNativeTarget;
			buildConfigurationList = 8974372A22CFA6A100281677 /* Build configuration list for PBXNativeTarget "Project1" */;
			buildPhases = (
				8974371422CFA6A000281677 /* Sources */,
				8974371522CFA6A000281677 /* Frameworks */,
				8974371622CFA6A000281677 /* Resources */,
			);
			buildRules = (
			);
			dependencies = (
			);
			name = Project1;
			productName = Project1;
			productReference = 8974371822CFA6A000281677 /* Project1.app */;
			productType = "com.apple.product-type.application";
		};
/* End PBXNativeTarget section */

/* Begin PBXProject section */
		8974371022CFA6A000281677 /* Project object */ = {
			isa = PBXProject;
			attributes = {
				LastSwiftUpdateCheck = 1020;
				LastUpgradeCheck = 1020;
				ORGANIZATIONNAME = "Thiago Alves";
				TargetAttributes = {
					8974371722CFA6A000281677 = {
						CreatedOnToolsVersion = 10.2.1;
					};
				};
			};
			buildConfigurationList = 8974371322CFA6A000281677 /* Build configuration list for PBXProject "Project1" */;
			compatibilityVersion = "Xcode 9.3";
			developmentRegion = en;
			hasScannedForEncodings = 0;
			knownRegions = (
				en,
				Base,
			);
			mainGroup = 8974370F22CFA6A000281677;
			productRefGroup = 8974371922CFA6A000281677 /* Products */;
			projectDirPath = "";
			projectRoot = "";
			targets = (
				8974371722CFA6A000281677 /* Project1 */,
			);
		};
/* End PBXProject section */

/* Begin PBXResourcesBuildPhase section */
		8974371622CFA6A000281677 /* Resources */ = {
			isa = PBXResourcesBuildPhase;
			buildActionMask = 2147483647;
			files = (
				8974373922CFA6B100281677 /* nssl0046.jpg in Resources */,
				8974374022CFA6B100281677 /* nssl0033.jpg in Resources */,
				8974373C22CFA6B100281677 /* nssl0051.jpg in Resources */,
				8974373A22CFA6B100281677 /* nssl0091.jpg in Resources */,
				8974373F22CFA6B100281677 /* nssl0043.jpg in Resources */,
				8974374122CFA6B100281677 /* nssl0034.jpg in Resources */,
				8974373822CFA6B100281677 /* nssl0049.jpg in Resources */,
				8974373D22CFA6B100281677 /* nssl0041.jpg in Resources */,
				8974373E22CFA6B100281677 /* nssl0042.jpg in Resources */,
				8974372622CFA6A100281677 /* LaunchScreen.storyboard in Resources */,
				8974372322CFA6A100281677 /* Assets.xcassets in Resources */,
				8974373B22CFA6B100281677 /* nssl0045.jpg in Resources */,
				8974372122CFA6A000281677 /* Main.storyboard in Resources */,
			);
			runOnlyForDeploymentPostprocessing = 0;
		};
/* End PBXResourcesBuildPhase section */

/* Begin PBXSourcesBuildPhase section */
		8974371422CFA6A000281677 /* Sources */ = {
			isa = PBXSourcesBuildPhase;
			buildActionMask = 2147483647;
			files = (
				8974371E22CFA6A000281677 /* ViewController.swift in Sources */,
				8974371C22CFA6A000281677 /* AppDelegate.swift in Sources */,
			);
			runOnlyForDeploymentPostprocessing = 0;
		};
/* End PBXSourcesBuildPhase section */

/* Begin PBXVariantGroup section */
		8974371F22CFA6A000281677 /* Main.storyboard */ = {
			isa = PBXVariantGroup;
			children = (
				8974372022CFA6A000281677 /* Base */,
			);
			name = Main.storyboard;
			sourceTree = "<group>";
		};
		8974372422CFA6A100281677 /* LaunchScreen.storyboard */ = {
			isa = PBXVariantGroup;
			children = (
				8974372522CFA6A100281677 /* Base */,
			);
			name = LaunchScreen.storyboard;
			sourceTree = "<group>";
		};
/* End PBXVariantGroup section */

/* Begin XCBuildConfiguration section */
		8974372822CFA6A100281677 /* Debug */ = {
			isa = XCBuildConfiguration;
			buildSettings = {
				ALWAYS_SEARCH_USER_PATHS = NO;
				CLANG_ANALYZER_NONNULL = YES;
				CLANG_ANALYZER_NUMBER_OBJECT_CONVERSION = YES_AGGRESSIVE;
				CLANG_CXX_LANGUAGE_STANDARD = "gnu++14";
				CLANG_CXX_LIBRARY = "libc++";
				CLANG_ENABLE_MODULES = YES;
				CLANG_ENABLE_OBJC_ARC = YES;
				CLANG_ENABLE_OBJC_WEAK = YES;
				CLANG_WARN_BLOCK_CAPTURE_AUTORELEASING = YES;
				CLANG_WARN_BOOL_CONVERSION = YES;
				CLANG_WARN_COMMA = YES;
				CLANG_WARN_CONSTANT_CONVERSION = YES;
				CLANG_WARN_DEPRECATED_OBJC_IMPLEMENTATIONS = YES;
				CLANG_WARN_DIRECT_OBJC_ISA_USAGE = YES_ERROR;
				CLANG_WARN_DOCUMENTATION_COMMENTS = YES;
				CLANG_WARN_EMPTY_BODY = YES;
				CLANG_WARN_ENUM_CONVERSION = YES;
				CLANG_WARN_INFINITE_RECURSION = YES;
				CLANG_WARN_INT_CONVERSION = YES;
				CLANG_WARN_NON_LITERAL_NULL_CONVERSION = YES;
				CLANG_WARN_OBJC_IMPLICIT_RETAIN_SELF = YES;
				CLANG_WARN_OBJC_LITERAL_CONVERSION = YES;
				CLANG_WARN_OBJC_ROOT_CLASS = YES_ERROR;
				CLANG_WARN_RANGE_LOOP_ANALYSIS = YES;
				CLANG_WARN_STRICT_PROTOTYPES = YES;
				CLANG_WARN_SUSPICIOUS_MOVE = YES;
				CLANG_WARN_UNGUARDED_AVAILABILITY = YES_AGGRESSIVE;
				CLANG_WARN_UNREACHABLE_CODE = YES;
				CLANG_WARN__DUPLICATE_METHOD_MATCH = YES;
				CODE_SIGN_IDENTITY = "iPhone Developer";
				COPY_PHASE_STRIP = NO;
				DEBUG_INFORMATION_FORMAT = dwarf;
				ENABLE_STRICT_OBJC_MSGSEND = YES;
				ENABLE_TESTABILITY = YES;
				GCC_C_LANGUAGE_STANDARD = gnu11;
				GCC_DYNAMIC_NO_PIC = NO;
				GCC_NO_COMMON_BLOCKS = YES;
				GCC_OPTIMIZATION_LEVEL = 0;
				GCC_PREPROCESSOR_DEFINITIONS = (
					"DEBUG=1",
					"$(inherited)",
				);
				GCC_WARN_64_TO_32_BIT_CONVERSION = YES;
				GCC_WARN_ABOUT_RETURN_TYPE = YES_ERROR;
				GCC_WARN_UNDECLARED_SELECTOR = YES;
				GCC_WARN_UNINITIALIZED_AUTOS = YES_AGGRESSIVE;
				GCC_WARN_UNUSED_FUNCTION = YES;
				GCC_WARN_UNUSED_VARIABLE = YES;
				IPHONEOS_DEPLOYMENT_TARGET = 12.2;
				MTL_ENABLE_DEBUG_INFO = INCLUDE_SOURCE;
				MTL_FAST_MATH = YES;
				ONLY_ACTIVE_ARCH = YES;
				SDKROOT = iphoneos;
				SWIFT_ACTIVE_COMPILATION_CONDITIONS = DEBUG;
				SWIFT_OPTIMIZATION_LEVEL = "-Onone";
			};
			name = Debug;
		};
		8974372922CFA6A100281677 /* Release */ = {
			isa = XCBuildConfiguration;
			buildSettings = {
				ALWAYS_SEARCH_USER_PATHS = NO;
				CLANG_ANALYZER_NONNULL = YES;
				CLANG_ANALYZER_NUMBER_OBJECT_CONVERSION = YES_AGGRESSIVE;
				CLANG_CXX_LANGUAGE_STANDARD = "gnu++14";
				CLANG_CXX_LIBRARY = "libc++";
				CLANG_ENABLE_MODULES = YES;
				CLANG_ENABLE_OBJC_ARC = YES;
				CLANG_ENABLE_OBJC_WEAK = YES;
				CLANG_WARN_BLOCK_CAPTURE_AUTORELEASING = YES;
				CLANG_WARN_BOOL_CONVERSION = YES;
				CLANG_WARN_COMMA = YES;
				CLANG_WARN_CONSTANT_CONVERSION = YES;
				CLANG_WARN_DEPRECATED_OBJC_IMPLEMENTATIONS = YES;
				CLANG_WARN_DIRECT_OBJC_ISA_USAGE = YES_ERROR;
				CLANG_WARN_DOCUMENTATION_COMMENTS = YES;
				CLANG_WARN_EMPTY_BODY = YES;
				CLANG_WARN_ENUM_CONVERSION = YES;
				CLANG_WARN_INFINITE_RECURSION = YES;
				CLANG_WARN_INT_CONVERSION = YES;
				CLANG_WARN_NON_LITERAL_NULL_CONVERSION = YES;
				CLANG_WARN_OBJC_IMPLICIT_RETAIN_SELF = YES;
				CLANG_WARN_OBJC_LITERAL_CONVERSION = YES;
				CLANG_WARN_OBJC_ROOT_CLASS = YES_ERROR;
				CLANG_WARN_RANGE_LOOP_ANALYSIS = YES;
				CLANG_WARN_STRICT_PROTOTYPES = YES;
				CLANG_WARN_SUSPICIOUS_MOVE = YES;
				CLANG_WARN_UNGUARDED_AVAILABILITY = YES_AGGRESSIVE;
				CLANG_WARN_UNREACHABLE_CODE = YES;
				CLANG_WARN__DUPLICATE_METHOD_MATCH = YES;
				CODE_SIGN_IDENTITY = "iPhone Developer";
				COPY_PHASE_STRIP = NO;
				DEBUG_INFORMATION_FORMAT = "dwarf-with-dsym";
				ENABLE_NS_ASSERTIONS = NO;
				ENABLE_STRICT_OBJC_MSGSEND = YES;
				GCC_C_LANGUAGE_STANDARD = gnu11;
				GCC_NO_COMMON_BLOCKS = YES;
				GCC_WARN_64_TO_32_BIT_CONVERSION = YES;
				GCC_WARN_ABOUT_RETURN_TYPE = YES_ERROR;
				GCC_WARN_UNDECLARED_SELECTOR = YES;
				GCC_WARN_UNINITIALIZED_AUTOS = YES_AGGRESSIVE;
				GCC_WARN_UNUSED_FUNCTION = YES;
				GCC_WARN_UNUSED_VARIABLE = YES;
				IPHONEOS_DEPLOYMENT_TARGET = 12.2;
				MTL_ENABLE_DEBUG_INFO = NO;
				MTL_FAST_MATH = YES;
				SDKROOT = iphoneos;
				SWIFT_COMPILATION_MODE = wholemodule;
				SWIFT_OPTIMIZATION_LEVEL = "-O";
				VALIDATE_PRODUCT = YES;
			};
			name = Release;
		};
		8974372B22CFA6A100281677 /* Debug */ = {
			isa = XCBuildConfiguration;
			buildSettings = {
				ASSETCATALOG_COMPILER_APPICON_NAME = AppIcon;
				CODE_SIGN_STYLE = Automatic;
				INFOPLIST_FILE = Project1/Info.plist;
				LD_RUNPATH_SEARCH_PATHS = (
					"$(inherited)",
					"@executable_path/Frameworks",
				);
				PRODUCT_BUNDLE_IDENTIFIER = com.example.Project1;
				PRODUCT_NAME = "$(TARGET_NAME)";
				SWIFT_VERSION = 5.0;
				TARGETED_DEVICE_FAMILY = "1,2";
			};
			name = Debug;
		};
		8974372C22CFA6A100281677 /* Release */ = {
			isa = XCBuildConfiguration;
			buildSettings = {
				ASSETCATALOG_COMPILER_APPICON_NAME = AppIcon;
				CODE_SIGN_STYLE = Automatic;
				INFOPLIST_FILE = Project1/Info.plist;
				LD_RUNPATH_SEARCH_PATHS = (
					"$(inherited)",
					"@executable_path/Frameworks",
				);
				PRODUCT_BUNDLE_IDENTIFIER = com.example.Project1;
				PRODUCT_NAME = "$(TARGET_NAME)";
				SWIFT_VERSION = 5.0;
				TARGETED_DEVICE_FAMILY = "1,2";
			};
			name = Release;
		};
/* End XCBuildConfiguration section */

/* Begin XCConfigurationList section */
		8974371322CFA6A000281677 /* Build configuration list for PBXProject "Project1" */ = {
			isa = XCConfigurationList;
			buildConfigurations = (
				8974372822CFA6A100281677 /* Debug */,
				8974372922CFA6A100281677 /* Release */,
			);
			defaultConfigurationIsVisible = 0;
			defaultConfigurationName = Release;
		};
		8974372A22CFA6A100281677 /* Build configuration list for PBXNativeTarget "Project1" */ = {
			isa = XCConfigurationList;
			buildConfigurations = (
				8974372B22CFA6A100281677 /* Debug */,
				8974372C22CFA6A100281677 /* Release */,
			);
			defaultConfigurationIsVisible = 0;
			defaultConfigurationName = Release;
		};
/* End XCConfigurationList section */
	};
	rootObject = 8974371022CFA6A000281677 /* Project object */;
}
