// !$*UTF8*$!
{
	archiveVersion = 1;
	classes = {
	};
	objectVersion = 50;
	objects = {

/* Begin PBXBuildFile section */
		89B0159B22DFDD2D0064BA0D /* AppDelegate.swift in Sources */ = {isa = PBXBuildFile; fileRef = 89B0159A22DFDD2D0064BA0D /* AppDelegate.swift */; };
		89B0159D22DFDD2D0064BA0D /* ViewController.swift in Sources */ = {isa = PBXBuildFile; fileRef = 89B0159C22DFDD2D0064BA0D /* ViewController.swift */; };
		89B015A022DFDD2D0064BA0D /* Main.storyboard in Resources */ = {isa = PBXBuildFile; fileRef = 89B0159E22DFDD2D0064BA0D /* Main.storyboard */; };
		89B015A222DFDD2E0064BA0D /* Assets.xcassets in Resources */ = {isa = PBXBuildFile; fileRef = 89B015A122DFDD2E0064BA0D /* Assets.xcassets */; };
		89B015A522DFDD2E0064BA0D /* LaunchScreen.storyboard in Resources */ = {isa = PBXBuildFile; fileRef = 89B015A322DFDD2E0064BA0D /* LaunchScreen.storyboard */; };
		89B015B222E00F370064BA0D /* words.txt in Resources */ = {isa = PBXBuildFile; fileRef = 89B015B122E00F370064BA0D /* words.txt */; };
/* End PBXBuildFile section */

/* Begin PBXFileReference section */
		89B0159722DFDD2D0064BA0D /* Milestone3.app */ = {isa = PBXFileReference; explicitFileType = wrapper.application; includeInIndex = 0; path = Milestone3.app; sourceTree = BUILT_PRODUCTS_DIR; };
		89B0159A22DFDD2D0064BA0D /* AppDelegate.swift */ = {isa = PBXFileReference; lastKnownFileType = sourcecode.swift; path = AppDelegate.swift; sourceTree = "<group>"; };
		89B0159C22DFDD2D0064BA0D /* ViewController.swift */ = {isa = PBXFileReference; lastKnownFileType = sourcecode.swift; path = ViewController.swift; sourceTree = "<group>"; };
		89B0159F22DFDD2D0064BA0D /* Base */ = {isa = PBXFileReference; lastKnownFileType = file.storyboard; name = Base; path = Base.lproj/Main.storyboard; sourceTree = "<group>"; };
		89B015A122DFDD2E0064BA0D /* Assets.xcassets */ = {isa = PBXFileReference; lastKnownFileType = folder.assetcatalog; path = Assets.xcassets; sourceTree = "<group>"; };
		89B015A422DFDD2E0064BA0D /* Base */ = {isa = PBXFileReference; lastKnownFileType = file.storyboard; name = Base; path = Base.lproj/LaunchScreen.storyboard; sourceTree = "<group>"; };
		89B015A622DFDD2E0064BA0D /* Info.plist */ = {isa = PBXFileReference; lastKnownFileType = text.plist.xml; path = Info.plist; sourceTree = "<group>"; };
		89B015B122E00F370064BA0D /* words.txt */ = {isa = PBXFileReference; fileEncoding = 4; lastKnownFileType = text; path = words.txt; sourceTree = "<group>"; };
/* End PBXFileReference section */

/* Begin PBXFrameworksBuildPhase section */
		89B0159422DFDD2D0064BA0D /* Frameworks */ = {
			isa = PBXFrameworksBuildPhase;
			buildActionMask = 2147483647;
			files = (
			);
			runOnlyForDeploymentPostprocessing = 0;
		};
/* End PBXFrameworksBuildPhase section */

/* Begin PBXGroup section */
		89B0158E22DFDD2D0064BA0D = {
			isa = PBXGroup;
			children = (
				89B0159922DFDD2D0064BA0D /* Milestone3 */,
				89B0159822DFDD2D0064BA0D /* Products */,
			);
			sourceTree = "<group>";
		};
		89B0159822DFDD2D0064BA0D /* Products */ = {
			isa = PBXGroup;
			children = (
				89B0159722DFDD2D0064BA0D /* Milestone3.app */,
			);
			name = Products;
			sourceTree = "<group>";
		};
		89B0159922DFDD2D0064BA0D /* Milestone3 */ = {
			isa = PBXGroup;
			children = (
				89B0159A22DFDD2D0064BA0D /* AppDelegate.swift */,
				89B0159C22DFDD2D0064BA0D /* ViewController.swift */,
				89B0159E22DFDD2D0064BA0D /* Main.storyboard */,
				89B015A122DFDD2E0064BA0D /* Assets.xcassets */,
				89B015A322DFDD2E0064BA0D /* LaunchScreen.storyboard */,
				89B015A622DFDD2E0064BA0D /* Info.plist */,
				89B015B122E00F370064BA0D /* words.txt */,
			);
			path = Milestone3;
			sourceTree = "<group>";
		};
/* End PBXGroup section */

/* Begin PBXNativeTarget section */
		89B0159622DFDD2D0064BA0D /* Milestone3 */ = {
			isa = PBXNativeTarget;
			buildConfigurationList = 89B015A922DFDD2E0064BA0D /* Build configuration list for PBXNativeTarget "Milestone3" */;
			buildPhases = (
				89B0159322DFDD2D0064BA0D /* Sources */,
				89B0159422DFDD2D0064BA0D /* Frameworks */,
				89B0159522DFDD2D0064BA0D /* Resources */,
				89B015AC22DFDF9A0064BA0D /* ShellScript */,
			);
			buildRules = (
			);
			dependencies = (
			);
			name = Milestone3;
			productName = Milestone3;
			productReference = 89B0159722DFDD2D0064BA0D /* Milestone3.app */;
			productType = "com.apple.product-type.application";
		};
/* End PBXNativeTarget section */

/* Begin PBXProject section */
		89B0158F22DFDD2D0064BA0D /* Project object */ = {
			isa = PBXProject;
			attributes = {
				LastSwiftUpdateCheck = 1020;
				LastUpgradeCheck = 1020;
				ORGANIZATIONNAME = "Thiago Alves";
				TargetAttributes = {
					89B0159622DFDD2D0064BA0D = {
						CreatedOnToolsVersion = 10.2.1;
					};
				};
			};
			buildConfigurationList = 89B0159222DFDD2D0064BA0D /* Build configuration list for PBXProject "Milestone3" */;
			compatibilityVersion = "Xcode 9.3";
			developmentRegion = en;
			hasScannedForEncodings = 0;
			knownRegions = (
				en,
				Base,
			);
			mainGroup = 89B0158E22DFDD2D0064BA0D;
			productRefGroup = 89B0159822DFDD2D0064BA0D /* Products */;
			projectDirPath = "";
			projectRoot = "";
			targets = (
				89B0159622DFDD2D0064BA0D /* Milestone3 */,
			);
		};
/* End PBXProject section */

/* Begin PBXResourcesBuildPhase section */
		89B0159522DFDD2D0064BA0D /* Resources */ = {
			isa = PBXResourcesBuildPhase;
			buildActionMask = 2147483647;
			files = (
				89B015A522DFDD2E0064BA0D /* LaunchScreen.storyboard in Resources */,
				89B015A222DFDD2E0064BA0D /* Assets.xcassets in Resources */,
				89B015B222E00F370064BA0D /* words.txt in Resources */,
				89B015A022DFDD2D0064BA0D /* Main.storyboard in Resources */,
			);
			runOnlyForDeploymentPostprocessing = 0;
		};
/* End PBXResourcesBuildPhase section */

/* Begin PBXShellScriptBuildPhase section */
		89B015AC22DFDF9A0064BA0D /* ShellScript */ = {
			isa = PBXShellScriptBuildPhase;
			buildActionMask = 2147483647;
			files = (
			);
			inputFileListPaths = (
			);
			inputPaths = (
			);
			outputFileListPaths = (
			);
			outputPaths = (
			);
			runOnlyForDeploymentPostprocessing = 0;
			shellPath = /bin/sh;
			shellScript = "if which swiftlint >/dev/null; then\nswiftlint\nelse\necho \"warning: SwiftLint not installed, download from https://github.com/realm/SwiftLint\"\nfi\n";
		};
/* End PBXShellScriptBuildPhase section */

/* Begin PBXSourcesBuildPhase section */
		89B0159322DFDD2D0064BA0D /* Sources */ = {
			isa = PBXSourcesBuildPhase;
			buildActionMask = 2147483647;
			files = (
				89B0159D22DFDD2D0064BA0D /* ViewController.swift in Sources */,
				89B0159B22DFDD2D0064BA0D /* AppDelegate.swift in Sources */,
			);
			runOnlyForDeploymentPostprocessing = 0;
		};
/* End PBXSourcesBuildPhase section */

/* Begin PBXVariantGroup section */
		89B0159E22DFDD2D0064BA0D /* Main.storyboard */ = {
			isa = PBXVariantGroup;
			children = (
				89B0159F22DFDD2D0064BA0D /* Base */,
			);
			name = Main.storyboard;
			sourceTree = "<group>";
		};
		89B015A322DFDD2E0064BA0D /* LaunchScreen.storyboard */ = {
			isa = PBXVariantGroup;
			children = (
				89B015A422DFDD2E0064BA0D /* Base */,
			);
			name = LaunchScreen.storyboard;
			sourceTree = "<group>";
		};
/* End PBXVariantGroup section */

/* Begin XCBuildConfiguration section */
		89B015A722DFDD2E0064BA0D /* Debug */ = {
			isa = XCBuildConfiguration;
			buildSettings = {
				ALWAYS_SEARCH_USER_PATHS = NO;
				CLANG_ANALYZER_NONNULL = YES;
				CLANG_ANALYZER_NUMBER_OBJECT_CONVERSION = YES_AGGRESSIVE;
				CLANG_CXX_LANGUAGE_STANDARD = "gnu++14";
				CLANG_CXX_LIBRARY = "libc++";
				CLANG_ENABLE_MODULES = YES;
				CLANG_ENABLE_OBJC_ARC = YES;
				CLANG_ENABLE_OBJC_WEAK = YES;
				CLANG_WARN_BLOCK_CAPTURE_AUTORELEASING = YES;
				CLANG_WARN_BOOL_CONVERSION = YES;
				CLANG_WARN_COMMA = YES;
				CLANG_WARN_CONSTANT_CONVERSION = YES;
				CLANG_WARN_DEPRECATED_OBJC_IMPLEMENTATIONS = YES;
				CLANG_WARN_DIRECT_OBJC_ISA_USAGE = YES_ERROR;
				CLANG_WARN_DOCUMENTATION_COMMENTS = YES;
				CLANG_WARN_EMPTY_BODY = YES;
				CLANG_WARN_ENUM_CONVERSION = YES;
				CLANG_WARN_INFINITE_RECURSION = YES;
				CLANG_WARN_INT_CONVERSION = YES;
				CLANG_WARN_NON_LITERAL_NULL_CONVERSION = YES;
				CLANG_WARN_OBJC_IMPLICIT_RETAIN_SELF = YES;
				CLANG_WARN_OBJC_LITERAL_CONVERSION = YES;
				CLANG_WARN_OBJC_ROOT_CLASS = YES_ERROR;
				CLANG_WARN_RANGE_LOOP_ANALYSIS = YES;
				CLANG_WARN_STRICT_PROTOTYPES = YES;
				CLANG_WARN_SUSPICIOUS_MOVE = YES;
				CLANG_WARN_UNGUARDED_AVAILABILITY = YES_AGGRESSIVE;
				CLANG_WARN_UNREACHABLE_CODE = YES;
				CLANG_WARN__DUPLICATE_METHOD_MATCH = YES;
				CODE_SIGN_IDENTITY = "iPhone Developer";
				COPY_PHASE_STRIP = NO;
				DEBUG_INFORMATION_FORMAT = dwarf;
				ENABLE_STRICT_OBJC_MSGSEND = YES;
				ENABLE_TESTABILITY = YES;
				GCC_C_LANGUAGE_STANDARD = gnu11;
				GCC_DYNAMIC_NO_PIC = NO;
				GCC_NO_COMMON_BLOCKS = YES;
				GCC_OPTIMIZATION_LEVEL = 0;
				GCC_PREPROCESSOR_DEFINITIONS = (
					"DEBUG=1",
					"$(inherited)",
				);
				GCC_WARN_64_TO_32_BIT_CONVERSION = YES;
				GCC_WARN_ABOUT_RETURN_TYPE = YES_ERROR;
				GCC_WARN_UNDECLARED_SELECTOR = YES;
				GCC_WARN_UNINITIALIZED_AUTOS = YES_AGGRESSIVE;
				GCC_WARN_UNUSED_FUNCTION = YES;
				GCC_WARN_UNUSED_VARIABLE = YES;
				IPHONEOS_DEPLOYMENT_TARGET = 12.2;
				MTL_ENABLE_DEBUG_INFO = INCLUDE_SOURCE;
				MTL_FAST_MATH = YES;
				ONLY_ACTIVE_ARCH = YES;
				SDKROOT = iphoneos;
				SWIFT_ACTIVE_COMPILATION_CONDITIONS = DEBUG;
				SWIFT_OPTIMIZATION_LEVEL = "-Onone";
			};
			name = Debug;
		};
		89B015A822DFDD2E0064BA0D /* Release */ = {
			isa = XCBuildConfiguration;
			buildSettings = {
				ALWAYS_SEARCH_USER_PATHS = NO;
				CLANG_ANALYZER_NONNULL = YES;
				CLANG_ANALYZER_NUMBER_OBJECT_CONVERSION = YES_AGGRESSIVE;
				CLANG_CXX_LANGUAGE_STANDARD = "gnu++14";
				CLANG_CXX_LIBRARY = "libc++";
				CLANG_ENABLE_MODULES = YES;
				CLANG_ENABLE_OBJC_ARC = YES;
				CLANG_ENABLE_OBJC_WEAK = YES;
				CLANG_WARN_BLOCK_CAPTURE_AUTORELEASING = YES;
				CLANG_WARN_BOOL_CONVERSION = YES;
				CLANG_WARN_COMMA = YES;
				CLANG_WARN_CONSTANT_CONVERSION = YES;
				CLANG_WARN_DEPRECATED_OBJC_IMPLEMENTATIONS = YES;
				CLANG_WARN_DIRECT_OBJC_ISA_USAGE = YES_ERROR;
				CLANG_WARN_DOCUMENTATION_COMMENTS = YES;
				CLANG_WARN_EMPTY_BODY = YES;
				CLANG_WARN_ENUM_CONVERSION = YES;
				CLANG_WARN_INFINITE_RECURSION = YES;
				CLANG_WARN_INT_CONVERSION = YES;
				CLANG_WARN_NON_LITERAL_NULL_CONVERSION = YES;
				CLANG_WARN_OBJC_IMPLICIT_RETAIN_SELF = YES;
				CLANG_WARN_OBJC_LITERAL_CONVERSION = YES;
				CLANG_WARN_OBJC_ROOT_CLASS = YES_ERROR;
				CLANG_WARN_RANGE_LOOP_ANALYSIS = YES;
				CLANG_WARN_STRICT_PROTOTYPES = YES;
				CLANG_WARN_SUSPICIOUS_MOVE = YES;
				CLANG_WARN_UNGUARDED_AVAILABILITY = YES_AGGRESSIVE;
				CLANG_WARN_UNREACHABLE_CODE = YES;
				CLANG_WARN__DUPLICATE_METHOD_MATCH = YES;
				CODE_SIGN_IDENTITY = "iPhone Developer";
				COPY_PHASE_STRIP = NO;
				DEBUG_INFORMATION_FORMAT = "dwarf-with-dsym";
				ENABLE_NS_ASSERTIONS = NO;
				ENABLE_STRICT_OBJC_MSGSEND = YES;
				GCC_C_LANGUAGE_STANDARD = gnu11;
				GCC_NO_COMMON_BLOCKS = YES;
				GCC_WARN_64_TO_32_BIT_CONVERSION = YES;
				GCC_WARN_ABOUT_RETURN_TYPE = YES_ERROR;
				GCC_WARN_UNDECLARED_SELECTOR = YES;
				GCC_WARN_UNINITIALIZED_AUTOS = YES_AGGRESSIVE;
				GCC_WARN_UNUSED_FUNCTION = YES;
				GCC_WARN_UNUSED_VARIABLE = YES;
				IPHONEOS_DEPLOYMENT_TARGET = 12.2;
				MTL_ENABLE_DEBUG_INFO = NO;
				MTL_FAST_MATH = YES;
				SDKROOT = iphoneos;
				SWIFT_COMPILATION_MODE = wholemodule;
				SWIFT_OPTIMIZATION_LEVEL = "-O";
				VALIDATE_PRODUCT = YES;
			};
			name = Release;
		};
		89B015AA22DFDD2E0064BA0D /* Debug */ = {
			isa = XCBuildConfiguration;
			buildSettings = {
				ASSETCATALOG_COMPILER_APPICON_NAME = AppIcon;
				CODE_SIGN_STYLE = Automatic;
				INFOPLIST_FILE = Milestone3/Info.plist;
				LD_RUNPATH_SEARCH_PATHS = (
					"$(inherited)",
					"@executable_path/Frameworks",
				);
				PRODUCT_BUNDLE_IDENTIFIER = com.example.Milestone3;
				PRODUCT_NAME = "$(TARGET_NAME)";
				SWIFT_VERSION = 5.0;
				TARGETED_DEVICE_FAMILY = "1,2";
			};
			name = Debug;
		};
		89B015AB22DFDD2E0064BA0D /* Release */ = {
			isa = XCBuildConfiguration;
			buildSettings = {
				ASSETCATALOG_COMPILER_APPICON_NAME = AppIcon;
				CODE_SIGN_STYLE = Automatic;
				INFOPLIST_FILE = Milestone3/Info.plist;
				LD_RUNPATH_SEARCH_PATHS = (
					"$(inherited)",
					"@executable_path/Frameworks",
				);
				PRODUCT_BUNDLE_IDENTIFIER = com.example.Milestone3;
				PRODUCT_NAME = "$(TARGET_NAME)";
				SWIFT_VERSION = 5.0;
				TARGETED_DEVICE_FAMILY = "1,2";
			};
			name = Release;
		};
/* End XCBuildConfiguration section */

/* Begin XCConfigurationList section */
		89B0159222DFDD2D0064BA0D /* Build configuration list for PBXProject "Milestone3" */ = {
			isa = XCConfigurationList;
			buildConfigurations = (
				89B015A722DFDD2E0064BA0D /* Debug */,
				89B015A822DFDD2E0064BA0D /* Release */,
			);
			defaultConfigurationIsVisible = 0;
			defaultConfigurationName = Release;
		};
		89B015A922DFDD2E0064BA0D /* Build configuration list for PBXNativeTarget "Milestone3" */ = {
			isa = XCConfigurationList;
			buildConfigurations = (
				89B015AA22DFDD2E0064BA0D /* Debug */,
				89B015AB22DFDD2E0064BA0D /* Release */,
			);
			defaultConfigurationIsVisible = 0;
			defaultConfigurationName = Release;
		};
/* End XCConfigurationList section */
	};
	rootObject = 89B0158F22DFDD2D0064BA0D /* Project object */;
}
